
Microsoft Visual Studio Solution File, Format Version 12.00
# Visual Studio Version 16
VisualStudioVersion = 16.0.29418.71
MinimumVisualStudioVersion = 10.0.40219.1
Project("{FAE04EC0-301F-11D3-BF4B-00C04F79EFBC}") = "FirstProject", "FirstProject\FirstProject.csproj", "{A53F3BFD-6F63-49FE-A3CC-272729629F22}"
EndProject
Project("{FAE04EC0-301F-11D3-BF4B-00C04F79EFBC}") = "CreateVariables-1", "CreateVariables-1\CreateVariables-1.csproj", "{16A954BA-F2A1-4358-A146-14EAA66B499A}"
EndProject
Project("{FAE04EC0-301F-11D3-BF4B-00C04F79EFBC}") = "CharactersAndTexts", "CharactersAndTexts\CharactersAndTexts.csproj", "{465B5D84-C652-4892-8288-52BBDE5537C0}"
EndProject
Project("{FAE04EC0-301F-11D3-BF4B-00C04F79EFBC}") = "Conditionals", "Conditionals\Conditionals.csproj", "{66A39343-E9E9-4B45-A000-6C6FB9C2073E}"
EndProject
Project("{FAE04EC0-301F-11D3-BF4B-00C04F79EFBC}") = "While-For", "While-For\While-For.csproj", "{FED163DE-4C6F-4F9C-AC34-BE1315001AB4}"
EndProject
Global
	GlobalSection(SolutionConfigurationPlatforms) = preSolution
		Debug|Any CPU = Debug|Any CPU
		Release|Any CPU = Release|Any CPU
	EndGlobalSection
	GlobalSection(ProjectConfigurationPlatforms) = postSolution
		{A53F3BFD-6F63-49FE-A3CC-272729629F22}.Debug|Any CPU.ActiveCfg = Debug|Any CPU
		{A53F3BFD-6F63-49FE-A3CC-272729629F22}.Debug|Any CPU.Build.0 = Debug|Any CPU
		{A53F3BFD-6F63-49FE-A3CC-272729629F22}.Release|Any CPU.ActiveCfg = Release|Any CPU
		{A53F3BFD-6F63-49FE-A3CC-272729629F22}.Release|Any CPU.Build.0 = Release|Any CPU
		{16A954BA-F2A1-4358-A146-14EAA66B499A}.Debug|Any CPU.ActiveCfg = Debug|Any CPU
		{16A954BA-F2A1-4358-A146-14EAA66B499A}.Debug|Any CPU.Build.0 = Debug|Any CPU
		{16A954BA-F2A1-4358-A146-14EAA66B499A}.Release|Any CPU.ActiveCfg = Release|Any CPU
		{16A954BA-F2A1-4358-A146-14EAA66B499A}.Release|Any CPU.Build.0 = Release|Any CPU
		{465B5D84-C652-4892-8288-52BBDE5537C0}.Debug|Any CPU.ActiveCfg = Debug|Any CPU
		{465B5D84-C652-4892-8288-52BBDE5537C0}.Debug|Any CPU.Build.0 = Debug|Any CPU
		{465B5D84-C652-4892-8288-52BBDE5537C0}.Release|Any CPU.ActiveCfg = Release|Any CPU
		{465B5D84-C652-4892-8288-52BBDE5537C0}.Release|Any CPU.Build.0 = Release|Any CPU
		{66A39343-E9E9-4B45-A000-6C6FB9C2073E}.Debug|Any CPU.ActiveCfg = Debug|Any CPU
		{66A39343-E9E9-4B45-A000-6C6FB9C2073E}.Debug|Any CPU.Build.0 = Debug|Any CPU
		{66A39343-E9E9-4B45-A000-6C6FB9C2073E}.Release|Any CPU.ActiveCfg = Release|Any CPU
		{66A39343-E9E9-4B45-A000-6C6FB9C2073E}.Release|Any CPU.Build.0 = Release|Any CPU
		{FED163DE-4C6F-4F9C-AC34-BE1315001AB4}.Debug|Any CPU.ActiveCfg = Debug|Any CPU
		{FED163DE-4C6F-4F9C-AC34-BE1315001AB4}.Debug|Any CPU.Build.0 = Debug|Any CPU
		{FED163DE-4C6F-4F9C-AC34-BE1315001AB4}.Release|Any CPU.ActiveCfg = Release|Any CPU
		{FED163DE-4C6F-4F9C-AC34-BE1315001AB4}.Release|Any CPU.Build.0 = Release|Any CPU
	EndGlobalSection
	GlobalSection(SolutionProperties) = preSolution
		HideSolutionNode = FALSE
	EndGlobalSection
	GlobalSection(ExtensibilityGlobals) = postSolution
		SolutionGuid = {8C7D603F-2A5A-4DEA-9591-73276F5A3EE4}
	EndGlobalSection
EndGlobal
