
Microsoft Visual Studio Solution File, Format Version 12.00
# Visual Studio Version 16
VisualStudioVersion = 16.0.29418.71
MinimumVisualStudioVersion = 10.0.40219.1
Project("{FAE04EC0-301F-11D3-BF4B-00C04F79EFBC}") = "ByteBank", "ByteBank\ByteBank.csproj", "{6A90F06B-77D8-4A43-8B50-7624EA25A0BD}"
EndProject
Global
	GlobalSection(SolutionConfigurationPlatforms) = preSolution
		Debug|Any CPU = Debug|Any CPU
		Release|Any CPU = Release|Any CPU
	EndGlobalSection
	GlobalSection(ProjectConfigurationPlatforms) = postSolution
		{6A90F06B-77D8-4A43-8B50-7624EA25A0BD}.Debug|Any CPU.ActiveCfg = Debug|Any CPU
		{6A90F06B-77D8-4A43-8B50-7624EA25A0BD}.Debug|Any CPU.Build.0 = Debug|Any CPU
		{6A90F06B-77D8-4A43-8B50-7624EA25A0BD}.Release|Any CPU.ActiveCfg = Release|Any CPU
		{6A90F06B-77D8-4A43-8B50-7624EA25A0BD}.Release|Any CPU.Build.0 = Release|Any CPU
	EndGlobalSection
	GlobalSection(SolutionProperties) = preSolution
		HideSolutionNode = FALSE
	EndGlobalSection
	GlobalSection(ExtensibilityGlobals) = postSolution
		SolutionGuid = {C13F17F7-34A7-40CE-9100-A3C37E2E4FDC}
	EndGlobalSection
EndGlobal
